<?xml version="1.0" encoding="utf-8"?>
<Project ToolsVersion="4.0" xmlns="http://schemas.microsoft.com/developer/msbuild/2003">
  <ItemGroup>
    <Filter Include="Source Files">
      <UniqueIdentifier>{4FC737F1-C7A5-4376-A066-2A32D752A2FF}</UniqueIdentifier>
      <Extensions>cpp;c;cc;cxx;c++;cppm;ixx;def;odl;idl;hpj;bat;asm;asmx</Extensions>
    </Filter>
    <Filter Include="Header Files">
      <UniqueIdentifier>{93995380-89BD-4b04-88EB-625FBE52EBFB}</UniqueIdentifier>
      <Extensions>h;hh;hpp;hxx;h++;hm;inl;inc;ipp;xsd</Extensions>
    </Filter>
    <Filter Include="Resource Files">
      <UniqueIdentifier>{67DA6AB6-F800-4c08-8B7A-83BB121AAD01}</UniqueIdentifier>
      <Extensions>rc;ico;cur;bmp;dlg;rc2;rct;bin;rgs;gif;jpg;jpeg;jpe;resx;tiff;tif;png;wav;mfcribbon-ms</Extensions>
    </Filter>
  </ItemGroup>
  <ItemGroup>
    <ClCompile Include="Source\main.cpp">
      <Filter>Source Files</Filter>
    </ClCompile>
    <ClCompile Include="Source\Object.cpp">
      <Filter>Source Files</Filter>
    </ClCompile>
    <ClCompile Include="Source\Button.cpp">
      <Filter>Source Files</Filter>
    </ClCompile>
    <ClCompile Include="Source\Board.cpp">
      <Filter>Source Files</Filter>
    </ClCompile>
    <ClCompile Include="Source\LeftBoard.cpp">
      <Filter>Source Files</Filter>
    </ClCompile>
    <ClCompile Include="Source\Simulator.cpp">
      <Filter>Source Files</Filter>
    </ClCompile>
    <ClCompile Include="Source\TopBoard.cpp">
      <Filter>Source Files</Filter>
    </ClCompile>
    <ClCompile Include="Source\CircuitBoard.cpp">
      <Filter>Source Files</Filter>
    </ClCompile>
    <ClCompile Include="Source\Plot.cpp">
      <Filter>Source Files</Filter>
    </ClCompile>
    <ClCompile Include="Source\Pin.cpp">
      <Filter>Source Files</Filter>
    </ClCompile>
    <ClCompile Include="Source\Entity.cpp">
      <Filter>Source Files</Filter>
    </ClCompile>
    <ClCompile Include="Source\Textures.cpp">
      <Filter>Source Files</Filter>
    </ClCompile>
  </ItemGroup>
  <ItemGroup>
    <ClInclude Include="Include\Object.h">
      <Filter>Header Files</Filter>
    </ClInclude>
    <ClInclude Include="Include\Button.h">
      <Filter>Header Files</Filter>
    </ClInclude>
    <ClInclude Include="Include\Board.h">
      <Filter>Header Files</Filter>
    </ClInclude>
    <ClInclude Include="Include\LeftBoard.h">
      <Filter>Header Files</Filter>
    </ClInclude>
    <ClInclude Include="Include\Simulator.h">
      <Filter>Header Files</Filter>
    </ClInclude>
    <ClInclude Include="Include\TopBoard.h">
      <Filter>Header Files</Filter>
    </ClInclude>
    <ClInclude Include="Include\CircuitBoard.h">
      <Filter>Header Files</Filter>
    </ClInclude>
    <ClInclude Include="Include\Plot.h">
      <Filter>Header Files</Filter>
    </ClInclude>
    <ClInclude Include="Include\Pin.h">
      <Filter>Header Files</Filter>
    </ClInclude>
    <ClInclude Include="Include\Entity.h">
      <Filter>Header Files</Filter>
    </ClInclude>
    <ClInclude Include="Include\LogicElement.h">
      <Filter>Header Files</Filter>
    </ClInclude>
    <ClInclude Include="Include\Textures.h">
      <Filter>Header Files</Filter>
    </ClInclude>
  </ItemGroup>
  <ItemGroup>
    <Image Include="Assets\AND.png">
      <Filter>Resource Files</Filter>
    </Image>
    <Image Include="Assets\CLOCK.png">
      <Filter>Resource Files</Filter>
    </Image>
    <Image Include="Assets\DFF.png">
      <Filter>Resource Files</Filter>
    </Image>
    <Image Include="Assets\GND.png">
      <Filter>Resource Files</Filter>
    </Image>
    <Image Include="Assets\LEDOFF.png">
      <Filter>Resource Files</Filter>
    </Image>
    <Image Include="Assets\LEDON.png">
      <Filter>Resource Files</Filter>
    </Image>
    <Image Include="Assets\NOT.png">
      <Filter>Resource Files</Filter>
    </Image>
    <Image Include="Assets\OR.png">
      <Filter>Resource Files</Filter>
    </Image>
    <Image Include="Assets\PLAY.png">
      <Filter>Resource Files</Filter>
    </Image>
    <Image Include="Assets\STOP.png">
      <Filter>Resource Files</Filter>
    </Image>
    <Image Include="Assets\VDD.png">
      <Filter>Resource Files</Filter>
    </Image>
    <Image Include="Assets\XOR.png">
      <Filter>Resource Files</Filter>
    </Image>
    <Image Include="Assets\LEDOFF1.png">
      <Filter>Resource Files</Filter>
    </Image>
  </ItemGroup>
  <ItemGroup>
    <Text Include="README.md" />
  </ItemGroup>
  <ItemGroup>
    <None Include=".gitignore" />
  </ItemGroup>
</Project>